
Microsoft Visual Studio Solution File, Format Version 12.00
# Visual Studio Version 17
VisualStudioVersion = 17.4.33110.190
MinimumVisualStudioVersion = 10.0.40219.1
Project("{FAE04EC0-301F-11D3-BF4B-00C04F79EFBC}") = "2December_Lab", "2December_Lab\2December_Lab.csproj", "{5305E1B6-5352-445A-B27B-633E76AB38B9}"
EndProject
Global
	GlobalSection(SolutionConfigurationPlatforms) = preSolution
		Debug|Any CPU = Debug|Any CPU
		Release|Any CPU = Release|Any CPU
	EndGlobalSection
	GlobalSection(ProjectConfigurationPlatforms) = postSolution
		{5305E1B6-5352-445A-B27B-633E76AB38B9}.Debug|Any CPU.ActiveCfg = Debug|Any CPU
		{5305E1B6-5352-445A-B27B-633E76AB38B9}.Debug|Any CPU.Build.0 = Debug|Any CPU
		{5305E1B6-5352-445A-B27B-633E76AB38B9}.Release|Any CPU.ActiveCfg = Release|Any CPU
		{5305E1B6-5352-445A-B27B-633E76AB38B9}.Release|Any CPU.Build.0 = Release|Any CPU
	EndGlobalSection
	GlobalSection(SolutionProperties) = preSolution
		HideSolutionNode = FALSE
	EndGlobalSection
	GlobalSection(ExtensibilityGlobals) = postSolution
		SolutionGuid = {8B0688CE-B284-400A-B3D4-B4D6AC884394}
	EndGlobalSection
EndGlobal
